
Microsoft Visual Studio Solution File, Format Version 12.00
# Visual Studio Version 17
VisualStudioVersion = 17.3.32804.467
MinimumVisualStudioVersion = 10.0.40219.1
Project("{8BC9CEB8-8B4A-11D0-8D11-00A0C91BC942}") = "栈和队列的实现", "栈和队列的实现\栈和队列的实现.vcxproj", "{C02AE801-37F1-43C1-BBBE-663A393D7E49}"
EndProject
Global
	GlobalSection(SolutionConfigurationPlatforms) = preSolution
		Debug|x64 = Debug|x64
		Debug|x86 = Debug|x86
		Release|x64 = Release|x64
		Release|x86 = Release|x86
	EndGlobalSection
	GlobalSection(ProjectConfigurationPlatforms) = postSolution
		{C02AE801-37F1-43C1-BBBE-663A393D7E49}.Debug|x64.ActiveCfg = Debug|x64
		{C02AE801-37F1-43C1-BBBE-663A393D7E49}.Debug|x64.Build.0 = Debug|x64
		{C02AE801-37F1-43C1-BBBE-663A393D7E49}.Debug|x86.ActiveCfg = Debug|Win32
		{C02AE801-37F1-43C1-BBBE-663A393D7E49}.Debug|x86.Build.0 = Debug|Win32
		{C02AE801-37F1-43C1-BBBE-663A393D7E49}.Release|x64.ActiveCfg = Release|x64
		{C02AE801-37F1-43C1-BBBE-663A393D7E49}.Release|x64.Build.0 = Release|x64
		{C02AE801-37F1-43C1-BBBE-663A393D7E49}.Release|x86.ActiveCfg = Release|Win32
		{C02AE801-37F1-43C1-BBBE-663A393D7E49}.Release|x86.Build.0 = Release|Win32
	EndGlobalSection
	GlobalSection(SolutionProperties) = preSolution
		HideSolutionNode = FALSE
	EndGlobalSection
	GlobalSection(ExtensibilityGlobals) = postSolution
		SolutionGuid = {E7FAE5B3-9897-48C8-91F0-953B54AAF1B5}
	EndGlobalSection
EndGlobal
